// !$*UTF8*$!
{
	archiveVersion = 1;
	classes = {
	};
	objectVersion = 110;
	objects = {

/* Begin PBXContainerItemProxy section */
		5343095D30726D10005C8352 /* PBXContainerItemProxy */ = {
			isa = PBXContainerItemProxy;
			containerPortal = 5343094730726D0F005C8352 /* Project object */;
			proxyType = 1;
			remoteGlobalIDString = 5343094E30726D0F005C8352;
			remoteInfo = LearningDashboard;
		};
		5343096730726D10005C8352 /* PBXContainerItemProxy */ = {
			isa = PBXContainerItemProxy;
			containerPortal = 5343094730726D0F005C8352 /* Project object */;
			proxyType = 1;
			remoteGlobalIDString = 5343094E30726D0F005C8352;
			remoteInfo = LearningDashboard;
		};
/* End PBXContainerItemProxy section */

/* Begin PBXFileReference section */
		5343094F30726D0F005C8352 /* LearningDashboard.app */ = {isa = PBXFileReference; explicitFileType = wrapper.application; includeInIndex = 0; path = LearningDashboard.app; sourceTree = BUILT_PRODUCTS_DIR; };
		5343095C30726D10005C8352 /* LearningDashboardTests.xctest */ = {isa = PBXFileReference; explicitFileType = wrapper.cfbundle; includeInIndex = 0; path = LearningDashboardTests.xctest; sourceTree = BUILT_PRODUCTS_DIR; };
		5343096630726D10005C8352 /* LearningDashboardUITests.xctest */ = {isa = PBXFileReference; explicitFileType = wrapper.cfbundle; includeInIndex = 0; path = LearningDashboardUITests.xctest; sourceTree = BUILT_PRODUCTS_DIR; };
/* End PBXFileReference section */

/* Begin PBXFileSystemSynchronizedRootGroup section */
		5343095130726D0F005C8352 /* LearningDashboard */ = {
			isa = PBXFileSystemSynchronizedRootGroup;
			path = LearningDashboard;
			sourceTree = "<group>";
		};
		5343095F30726D10005C8352 /* LearningDashboardTests */ = {
			isa = PBXFileSystemSynchronizedRootGroup;
			path = LearningDashboardTests;
			sourceTree = "<group>";
		};
/* End PBXFileSystemSynchronizedRootGroup section */

/* Begin PBXFrameworksBuildPhase section */
		5343094C30726D0F005C8352 /* Frameworks */ = {
			isa = PBXFrameworksBuildPhase;
			files = (
			);
		};
		5343095930726D10005C8352 /* Frameworks */ = {
			isa = PBXFrameworksBuildPhase;
			files = (
			);
		};
		5343096330726D10005C8352 /* Frameworks */ = {
			isa = PBXFrameworksBuildPhase;
			files = (
			);
		};
/* End PBXFrameworksBuildPhase section */

/* Begin PBXGroup section */
		5343094630726D0F005C8352 = {
			isa = PBXGroup;
			children = (
				5343095130726D0F005C8352 /* LearningDashboard */,
				5343095F30726D10005C8352 /* LearningDashboardTests */,
				5343095030726D0F005C8352 /* Products */,
			);
			sourceTree = "<group>";
		};
		5343095030726D0F005C8352 /* Products */ = {
			isa = PBXGroup;
			children = (
				5343094F30726D0F005C8352 /* LearningDashboard.app */,
				5343095C30726D10005C8352 /* LearningDashboardTests.xctest */,
				5343096630726D10005C8352 /* LearningDashboardUITests.xctest */,
			);
			name = Products;
			sourceTree = "<group>";
		};
/* End PBXGroup section */

/* Begin PBXNativeTarget section */
		5343094E30726D0F005C8352 /* LearningDashboard */ = {
			isa = PBXNativeTarget;
			buildConfigurationList = 5343096E30726D10005C8352 /* Build configuration list for PBXNativeTarget "LearningDashboard" */;
			buildPhases = (
				5343094B30726D0F005C8352 /* Sources */,
				5343094C30726D0F005C8352 /* Frameworks */,
				5343094D30726D0F005C8352 /* Resources */,
			);
			buildRules = (
			);
			fileSystemSynchronizedGroups = (
				5343095130726D0F005C8352 /* LearningDashboard */,
			);
			name = LearningDashboard;
			productName = LearningDashboard;
			productReference = 5343094F30726D0F005C8352 /* LearningDashboard.app */;
			productType = "com.apple.product-type.application";
		};
		5343095B30726D10005C8352 /* LearningDashboardTests */ = {
			isa = PBXNativeTarget;
			buildConfigurationList = 5343097130726D10005C8352 /* Build configuration list for PBXNativeTarget "LearningDashboardTests" */;
			buildPhases = (
				5343095830726D10005C8352 /* Sources */,
				5343095930726D10005C8352 /* Frameworks */,
				5343095A30726D10005C8352 /* Resources */,
			);
			buildRules = (
			);
			dependencies = (
				5343095E30726D10005C8352 /* PBXTargetDependency */,
			);
			fileSystemSynchronizedGroups = (
				5343095F30726D10005C8352 /* LearningDashboardTests */,
			);
			name = LearningDashboardTests;
			productName = LearningDashboardTests;
			productReference = 5343095C30726D10005C8352 /* LearningDashboardTests.xctest */;
			productType = "com.apple.product-type.bundle.unit-test";
		};
		5343096530726D10005C8352 /* LearningDashboardUITests */ = {
			isa = PBXNativeTarget;
			buildConfigurationList = 5343097430726D10005C8352 /* Build configuration list for PBXNativeTarget "LearningDashboardUITests" */;
			buildPhases = (
				5343096230726D10005C8352 /* Sources */,
				5343096330726D10005C8352 /* Frameworks */,
				5343096430726D10005C8352 /* Resources */,
			);
			buildRules = (
			);
			dependencies = (
				5343096830726D10005C8352 /* PBXTargetDependency */,
			);
			name = LearningDashboardUITests;
			productName = LearningDashboardUITests;
			productReference = 5343096630726D10005C8352 /* LearningDashboardUITests.xctest */;
			productType = "com.apple.product-type.bundle.ui-testing";
		};
/* End PBXNativeTarget section */

/* Begin PBXProject section */
		5343094730726D0F005C8352 /* Project object */ = {
			isa = PBXProject;
			attributes = {
				BuildIndependentTargetsInParallel = 1;
				LastSwiftUpdateCheck = 2700;
				LastUpgradeCheck = 2700;
				TargetAttributes = {
					5343094E30726D0F005C8352 = {
						CreatedOnToolsVersion = 27.0;
					};
					5343095B30726D10005C8352 = {
						CreatedOnToolsVersion = 27.0;
						TestTargetID = 5343094E30726D0F005C8352;
					};
					5343096530726D10005C8352 = {
						CreatedOnToolsVersion = 27.0;
						TestTargetID = 5343094E30726D0F005C8352;
					};
				};
			};
			buildConfigurationList = 5343094A30726D0F005C8352 /* Build configuration list for PBXProject "LearningDashboard" */;
			developmentRegion = en;
			hasScannedForEncodings = 0;
			knownRegions = (
				en,
				Base,
			);
			mainGroup = 5343094630726D0F005C8352;
			minimizedProjectReferenceProxies = 1;
			preferredProjectObjectVersion = 77;
			productRefGroup = 5343095030726D0F005C8352 /* Products */;
			projectDirPath = "";
			projectRoot = "";
			targets = (
				5343094E30726D0F005C8352 /* LearningDashboard */,
				5343095B30726D10005C8352 /* LearningDashboardTests */,
				5343096530726D10005C8352 /* LearningDashboardUITests */,
			);
		};
/* End PBXProject section */

/* Begin PBXResourcesBuildPhase section */
		5343094D30726D0F005C8352 /* Resources */ = {
			isa = PBXResourcesBuildPhase;
			files = (
			);
		};
		5343095A30726D10005C8352 /* Resources */ = {
			isa = PBXResourcesBuildPhase;
			files = (
			);
		};
		5343096430726D10005C8352 /* Resources */ = {
			isa = PBXResourcesBuildPhase;
			files = (
			);
		};
/* End PBXResourcesBuildPhase section */

/* Begin PBXSourcesBuildPhase section */
		5343094B30726D0F005C8352 /* Sources */ = {
			isa = PBXSourcesBuildPhase;
			files = (
			);
		};
		5343095830726D10005C8352 /* Sources */ = {
			isa = PBXSourcesBuildPhase;
			files = (
			);
		};
		5343096230726D10005C8352 /* Sources */ = {
			isa = PBXSourcesBuildPhase;
			files = (
			);
		};
/* End PBXSourcesBuildPhase section */

/* Begin PBXTargetDependency section */
		5343095E30726D10005C8352 /* PBXTargetDependency */ = {
			isa = PBXTargetDependency;
			target = 5343094E30726D0F005C8352 /* LearningDashboard */;
			targetProxy = 5343095D30726D10005C8352 /* PBXContainerItemProxy */;
		};
		5343096830726D10005C8352 /* PBXTargetDependency */ = {
			isa = PBXTargetDependency;
			target = 5343094E30726D0F005C8352 /* LearningDashboard */;
			targetProxy = 5343096730726D10005C8352 /* PBXContainerItemProxy */;
		};
/* End PBXTargetDependency section */

/* Begin XCBuildConfiguration section */
		5343096C30726D10005C8352 /* Debug configuration for PBXProject "LearningDashboard" */ = {
			isa = XCBuildConfiguration;
			buildSettings = {
				ALWAYS_SEARCH_USER_PATHS = NO;
				ASSETCATALOG_COMPILER_GENERATE_SWIFT_ASSET_SYMBOL_EXTENSIONS = YES;
				CLANG_ANALYZER_NONNULL = YES;
				CLANG_ANALYZER_NUMBER_OBJECT_CONVERSION = YES_AGGRESSIVE;
				CLANG_CXX_LANGUAGE_STANDARD = "gnu++20";
				CLANG_ENABLE_MODULES = YES;
				CLANG_ENABLE_OBJC_ARC = YES;
				CLANG_ENABLE_OBJC_WEAK = YES;
				CLANG_WARN_BLOCK_CAPTURE_AUTORELEASING = YES;
				CLANG_WARN_BOOL_CONVERSION = YES;
				CLANG_WARN_COMMA = YES;
				CLANG_WARN_CONSTANT_CONVERSION = YES;
				CLANG_WARN_DEPRECATED_OBJC_IMPLEMENTATIONS = YES;
				CLANG_WARN_DIRECT_OBJC_ISA_USAGE = YES_ERROR;
				CLANG_WARN_DOCUMENTATION_COMMENTS = YES;
				CLANG_WARN_EMPTY_BODY = YES;
				CLANG_WARN_ENUM_CONVERSION = YES;
				CLANG_WARN_INFINITE_RECURSION = YES;
				CLANG_WARN_INT_CONVERSION = YES;
				CLANG_WARN_NON_LITERAL_NULL_CONVERSION = YES;
				CLANG_WARN_OBJC_IMPLICIT_RETAIN_SELF = YES;
				CLANG_WARN_OBJC_LITERAL_CONVERSION = YES;
				CLANG_WARN_OBJC_ROOT_CLASS = YES_ERROR;
				CLANG_WARN_QUOTED_INCLUDE_IN_FRAMEWORK_HEADER = YES;
				CLANG_WARN_RANGE_LOOP_ANALYSIS = YES;
				CLANG_WARN_STRICT_PROTOTYPES = YES;
				CLANG_WARN_SUSPICIOUS_MOVE = YES;
				CLANG_WARN_UNGUARDED_AVAILABILITY = YES_AGGRESSIVE;
				CLANG_WARN_UNREACHABLE_CODE = YES;
				CLANG_WARN__DUPLICATE_METHOD_MATCH = YES;
				COPY_PHASE_STRIP = NO;
				DEBUG_INFORMATION_FORMAT = dwarf;
				ENABLE_STRICT_OBJC_MSGSEND = YES;
				ENABLE_TESTABILITY = YES;
				ENABLE_USER_SCRIPT_SANDBOXING = YES;
				GCC_C_LANGUAGE_STANDARD = gnu17;
				GCC_DYNAMIC_NO_PIC = NO;
				GCC_NO_COMMON_BLOCKS = YES;
				GCC_OPTIMIZATION_LEVEL = 0;
				GCC_PREPROCESSOR_DEFINITIONS = (
					"DEBUG=1",
					"$(inherited)",
				);
				GCC_WARN_64_TO_32_BIT_CONVERSION = YES;
				GCC_WARN_ABOUT_RETURN_TYPE = YES_ERROR;
				GCC_WARN_UNDECLARED_SELECTOR = YES;
				GCC_WARN_UNINITIALIZED_AUTOS = YES_AGGRESSIVE;
				GCC_WARN_UNUSED_FUNCTION = YES;
				GCC_WARN_UNUSED_VARIABLE = YES;
				IPHONEOS_DEPLOYMENT_TARGET = 27.0;
				LOCALIZATION_PREFERS_STRING_CATALOGS = YES;
				MTL_ENABLE_DEBUG_INFO = INCLUDE_SOURCE;
				MTL_FAST_MATH = YES;
				ONLY_ACTIVE_ARCH = YES;
				SDKROOT = iphoneos;
				SWIFT_ACTIVE_COMPILATION_CONDITIONS = "DEBUG $(inherited)";
				SWIFT_OPTIMIZATION_LEVEL = "-Onone";
			};
			name = Debug;
		};
		5343096D30726D10005C8352 /* Release configuration for PBXProject "LearningDashboard" */ = {
			isa = XCBuildConfiguration;
			buildSettings = {
				ALWAYS_SEARCH_USER_PATHS = NO;
				ASSETCATALOG_COMPILER_GENERATE_SWIFT_ASSET_SYMBOL_EXTENSIONS = YES;
				CLANG_ANALYZER_NONNULL = YES;
				CLANG_ANALYZER_NUMBER_OBJECT_CONVERSION = YES_AGGRESSIVE;
				CLANG_CXX_LANGUAGE_STANDARD = "gnu++20";
				CLANG_ENABLE_MODULES = YES;
				CLANG_ENABLE_OBJC_ARC = YES;
				CLANG_ENABLE_OBJC_WEAK = YES;
				CLANG_WARN_BLOCK_CAPTURE_AUTORELEASING = YES;
				CLANG_WARN_BOOL_CONVERSION = YES;
				CLANG_WARN_COMMA = YES;
				CLANG_WARN_CONSTANT_CONVERSION = YES;
				CLANG_WARN_DEPRECATED_OBJC_IMPLEMENTATIONS = YES;
				CLANG_WARN_DIRECT_OBJC_ISA_USAGE = YES_ERROR;
				CLANG_WARN_DOCUMENTATION_COMMENTS = YES;
				CLANG_WARN_EMPTY_BODY = YES;
				CLANG_WARN_ENUM_CONVERSION = YES;
				CLANG_WARN_INFINITE_RECURSION = YES;
				CLANG_WARN_INT_CONVERSION = YES;
				CLANG_WARN_NON_LITERAL_NULL_CONVERSION = YES;
				CLANG_WARN_OBJC_IMPLICIT_RETAIN_SELF = YES;
				CLANG_WARN_OBJC_LITERAL_CONVERSION = YES;
				CLANG_WARN_OBJC_ROOT_CLASS = YES_ERROR;
				CLANG_WARN_QUOTED_INCLUDE_IN_FRAMEWORK_HEADER = YES;
				CLANG_WARN_RANGE_LOOP_ANALYSIS = YES;
				CLANG_WARN_STRICT_PROTOTYPES = YES;
				CLANG_WARN_SUSPICIOUS_MOVE = YES;
				CLANG_WARN_UNGUARDED_AVAILABILITY = YES_AGGRESSIVE;
				CLANG_WARN_UNREACHABLE_CODE = YES;
				CLANG_WARN__DUPLICATE_METHOD_MATCH = YES;
				COPY_PHASE_STRIP = NO;
				DEBUG_INFORMATION_FORMAT = "dwarf-with-dsym";
				ENABLE_NS_ASSERTIONS = NO;
				ENABLE_STRICT_OBJC_MSGSEND = YES;
				ENABLE_USER_SCRIPT_SANDBOXING = YES;
				GCC_C_LANGUAGE_STANDARD = gnu17;
				GCC_NO_COMMON_BLOCKS = YES;
				GCC_WARN_64_TO_32_BIT_CONVERSION = YES;
				GCC_WARN_ABOUT_RETURN_TYPE = YES_ERROR;
				GCC_WARN_UNDECLARED_SELECTOR = YES;
				GCC_WARN_UNINITIALIZED_AUTOS = YES_AGGRESSIVE;
				GCC_WARN_UNUSED_FUNCTION = YES;
				GCC_WARN_UNUSED_VARIABLE = YES;
				IPHONEOS_DEPLOYMENT_TARGET = 27.0;
				LOCALIZATION_PREFERS_STRING_CATALOGS = YES;
				MTL_ENABLE_DEBUG_INFO = NO;
				MTL_FAST_MATH = YES;
				SDKROOT = iphoneos;
				SWIFT_COMPILATION_MODE = wholemodule;
				VALIDATE_PRODUCT = YES;
			};
			name = Release;
		};
		5343096F30726D10005C8352 /* Debug configuration for PBXNativeTarget "LearningDashboard" */ = {
			isa = XCBuildConfiguration;
			buildSettings = {
				ASSETCATALOG_COMPILER_APPICON_NAME = AppIcon;
				ASSETCATALOG_COMPILER_GLOBAL_ACCENT_COLOR_NAME = AccentColor;
				CODE_SIGN_STYLE = Automatic;
				CURRENT_PROJECT_VERSION = 1;
				ENABLE_PREVIEWS = YES;
				GENERATE_INFOPLIST_FILE = YES;
				INFOPLIST_KEY_UIApplicationSceneManifest_Generation = YES;
				INFOPLIST_KEY_UIApplicationSupportsIndirectInputEvents = YES;
				INFOPLIST_KEY_UILaunchScreen_Generation = YES;
				INFOPLIST_KEY_UISupportedInterfaceOrientations_iPad = "UIInterfaceOrientationPortrait UIInterfaceOrientationPortraitUpsideDown UIInterfaceOrientationLandscapeLeft UIInterfaceOrientationLandscapeRight";
				INFOPLIST_KEY_UISupportedInterfaceOrientations_iPhone = "UIInterfaceOrientationPortrait UIInterfaceOrientationLandscapeLeft UIInterfaceOrientationLandscapeRight";
				LD_RUNPATH_SEARCH_PATHS = (
					"$(inherited)",
					"@executable_path/Frameworks",
				);
				MARKETING_VERSION = 1.0;
				PRODUCT_BUNDLE_IDENTIFIER = demo.one.LearningDashboard;
				PRODUCT_NAME = "$(TARGET_NAME)";
				STRING_CATALOG_GENERATE_SYMBOLS = YES;
				SWIFT_APPROACHABLE_CONCURRENCY = YES;
				SWIFT_DEFAULT_ACTOR_ISOLATION = MainActor;
				SWIFT_EMIT_LOC_STRINGS = YES;
				SWIFT_UPCOMING_FEATURE_MEMBER_IMPORT_VISIBILITY = YES;
				SWIFT_VERSION = 5.0;
				TARGETED_DEVICE_FAMILY = "1,2";
			};
			name = Debug;
		};
		5343097030726D10005C8352 /* Release configuration for PBXNativeTarget "LearningDashboard" */ = {
			isa = XCBuildConfiguration;
			buildSettings = {
				ASSETCATALOG_COMPILER_APPICON_NAME = AppIcon;
				ASSETCATALOG_COMPILER_GLOBAL_ACCENT_COLOR_NAME = AccentColor;
				CODE_SIGN_STYLE = Automatic;
				CURRENT_PROJECT_VERSION = 1;
				ENABLE_PREVIEWS = YES;
				GENERATE_INFOPLIST_FILE = YES;
				INFOPLIST_KEY_UIApplicationSceneManifest_Generation = YES;
				INFOPLIST_KEY_UIApplicationSupportsIndirectInputEvents = YES;
				INFOPLIST_KEY_UILaunchScreen_Generation = YES;
				INFOPLIST_KEY_UISupportedInterfaceOrientations_iPad = "UIInterfaceOrientationPortrait UIInterfaceOrientationPortraitUpsideDown UIInterfaceOrientationLandscapeLeft UIInterfaceOrientationLandscapeRight";
				INFOPLIST_KEY_UISupportedInterfaceOrientations_iPhone = "UIInterfaceOrientationPortrait UIInterfaceOrientationLandscapeLeft UIInterfaceOrientationLandscapeRight";
				LD_RUNPATH_SEARCH_PATHS = (
					"$(inherited)",
					"@executable_path/Frameworks",
				);
				MARKETING_VERSION = 1.0;
				PRODUCT_BUNDLE_IDENTIFIER = demo.one.LearningDashboard;
				PRODUCT_NAME = "$(TARGET_NAME)";
				STRING_CATALOG_GENERATE_SYMBOLS = YES;
				SWIFT_APPROACHABLE_CONCURRENCY = YES;
				SWIFT_DEFAULT_ACTOR_ISOLATION = MainActor;
				SWIFT_EMIT_LOC_STRINGS = YES;
				SWIFT_UPCOMING_FEATURE_MEMBER_IMPORT_VISIBILITY = YES;
				SWIFT_VERSION = 5.0;
				TARGETED_DEVICE_FAMILY = "1,2";
			};
			name = Release;
		};
		5343097230726D10005C8352 /* Debug configuration for PBXNativeTarget "LearningDashboardTests" */ = {
			isa = XCBuildConfiguration;
			buildSettings = {
				BUNDLE_LOADER = "$(TEST_HOST)";
				CODE_SIGN_STYLE = Automatic;
				CURRENT_PROJECT_VERSION = 1;
				GENERATE_INFOPLIST_FILE = YES;
				IPHONEOS_DEPLOYMENT_TARGET = 27.0;
				MARKETING_VERSION = 1.0;
				PRODUCT_BUNDLE_IDENTIFIER = demo.one.LearningDashboardTests;
				PRODUCT_NAME = "$(TARGET_NAME)";
				STRING_CATALOG_GENERATE_SYMBOLS = NO;
				SWIFT_APPROACHABLE_CONCURRENCY = YES;
				SWIFT_EMIT_LOC_STRINGS = NO;
				SWIFT_UPCOMING_FEATURE_MEMBER_IMPORT_VISIBILITY = YES;
				SWIFT_VERSION = 5.0;
				TARGETED_DEVICE_FAMILY = "1,2";
				TEST_HOST = "$(BUILT_PRODUCTS_DIR)/LearningDashboard.app/$(BUNDLE_EXECUTABLE_FOLDER_PATH)/LearningDashboard";
			};
			name = Debug;
		};
		5343097330726D10005C8352 /* Release configuration for PBXNativeTarget "LearningDashboardTests" */ = {
			isa = XCBuildConfiguration;
			buildSettings = {
				BUNDLE_LOADER = "$(TEST_HOST)";
				CODE_SIGN_STYLE = Automatic;
				CURRENT_PROJECT_VERSION = 1;
				GENERATE_INFOPLIST_FILE = YES;
				IPHONEOS_DEPLOYMENT_TARGET = 27.0;
				MARKETING_VERSION = 1.0;
				PRODUCT_BUNDLE_IDENTIFIER = demo.one.LearningDashboardTests;
				PRODUCT_NAME = "$(TARGET_NAME)";
				STRING_CATALOG_GENERATE_SYMBOLS = NO;
				SWIFT_APPROACHABLE_CONCURRENCY = YES;
				SWIFT_EMIT_LOC_STRINGS = NO;
				SWIFT_UPCOMING_FEATURE_MEMBER_IMPORT_VISIBILITY = YES;
				SWIFT_VERSION = 5.0;
				TARGETED_DEVICE_FAMILY = "1,2";
				TEST_HOST = "$(BUILT_PRODUCTS_DIR)/LearningDashboard.app/$(BUNDLE_EXECUTABLE_FOLDER_PATH)/LearningDashboard";
			};
			name = Release;
		};
		5343097530726D10005C8352 /* Debug configuration for PBXNativeTarget "LearningDashboardUITests" */ = {
			isa = XCBuildConfiguration;
			buildSettings = {
				CODE_SIGN_STYLE = Automatic;
				CURRENT_PROJECT_VERSION = 1;
				GENERATE_INFOPLIST_FILE = YES;
				MARKETING_VERSION = 1.0;
				PRODUCT_BUNDLE_IDENTIFIER = demo.one.LearningDashboardUITests;
				PRODUCT_NAME = "$(TARGET_NAME)";
				STRING_CATALOG_GENERATE_SYMBOLS = NO;
				SWIFT_APPROACHABLE_CONCURRENCY = YES;
				SWIFT_EMIT_LOC_STRINGS = NO;
				SWIFT_UPCOMING_FEATURE_MEMBER_IMPORT_VISIBILITY = YES;
				SWIFT_VERSION = 5.0;
				TARGETED_DEVICE_FAMILY = "1,2";
				TEST_TARGET_NAME = LearningDashboard;
			};
			name = Debug;
		};
		5343097630726D10005C8352 /* Release configuration for PBXNativeTarget "LearningDashboardUITests" */ = {
			isa = XCBuildConfiguration;
			buildSettings = {
				CODE_SIGN_STYLE = Automatic;
				CURRENT_PROJECT_VERSION = 1;
				GENERATE_INFOPLIST_FILE = YES;
				MARKETING_VERSION = 1.0;
				PRODUCT_BUNDLE_IDENTIFIER = demo.one.LearningDashboardUITests;
				PRODUCT_NAME = "$(TARGET_NAME)";
				STRING_CATALOG_GENERATE_SYMBOLS = NO;
				SWIFT_APPROACHABLE_CONCURRENCY = YES;
				SWIFT_EMIT_LOC_STRINGS = NO;
				SWIFT_UPCOMING_FEATURE_MEMBER_IMPORT_VISIBILITY = YES;
				SWIFT_VERSION = 5.0;
				TARGETED_DEVICE_FAMILY = "1,2";
				TEST_TARGET_NAME = LearningDashboard;
			};
			name = Release;
		};
/* End XCBuildConfiguration section */

/* Begin XCConfigurationList section */
		5343094A30726D0F005C8352 /* Build configuration list for PBXProject "LearningDashboard" */ = {
			isa = XCConfigurationList;
			buildConfigurations = (
				5343096C30726D10005C8352 /* Debug configuration for PBXProject "LearningDashboard" */,
				5343096D30726D10005C8352 /* Release configuration for PBXProject "LearningDashboard" */,
			);
			defaultConfigurationName = Release;
		};
		5343096E30726D10005C8352 /* Build configuration list for PBXNativeTarget "LearningDashboard" */ = {
			isa = XCConfigurationList;
			buildConfigurations = (
				5343096F30726D10005C8352 /* Debug configuration for PBXNativeTarget "LearningDashboard" */,
				5343097030726D10005C8352 /* Release configuration for PBXNativeTarget "LearningDashboard" */,
			);
			defaultConfigurationName = Release;
		};
		5343097130726D10005C8352 /* Build configuration list for PBXNativeTarget "LearningDashboardTests" */ = {
			isa = XCConfigurationList;
			buildConfigurations = (
				5343097230726D10005C8352 /* Debug configuration for PBXNativeTarget "LearningDashboardTests" */,
				5343097330726D10005C8352 /* Release configuration for PBXNativeTarget "LearningDashboardTests" */,
			);
			defaultConfigurationName = Release;
		};
		5343097430726D10005C8352 /* Build configuration list for PBXNativeTarget "LearningDashboardUITests" */ = {
			isa = XCConfigurationList;
			buildConfigurations = (
				5343097530726D10005C8352 /* Debug configuration for PBXNativeTarget "LearningDashboardUITests" */,
				5343097630726D10005C8352 /* Release configuration for PBXNativeTarget "LearningDashboardUITests" */,
			);
			defaultConfigurationName = Release;
		};
/* End XCConfigurationList section */
	};
	rootObject = 5343094730726D0F005C8352 /* Project object */;
	validationLevel = 1;
}
